
Microsoft Visual Studio Solution File, Format Version 12.00
# Visual Studio 15
VisualStudioVersion = 15.0.27130.2036
MinimumVisualStudioVersion = 10.0.40219.1
Project("{9A19103F-16F7-4668-BE54-9A1E7A4F7556}") = "IslandOfMisfitTypes", "IslandOfMisfitTypes\IslandOfMisfitTypes.csproj", "{EBFAA07B-9BFD-48CD-89E9-150E7963083F}"
EndProject
Project("{9A19103F-16F7-4668-BE54-9A1E7A4F7556}") = "IslandOfMisfitTypes.UnitTests", "IslandOfMisfitTypes.UnitTests\IslandOfMisfitTypes.UnitTests.csproj", "{43F20D08-BD9B-4F54-AA93-61722FA23C3A}"
EndProject
Global
	GlobalSection(SolutionConfigurationPlatforms) = preSolution
		Debug|Any CPU = Debug|Any CPU
		Release|Any CPU = Release|Any CPU
	EndGlobalSection
	GlobalSection(ProjectConfigurationPlatforms) = postSolution
		{EBFAA07B-9BFD-48CD-89E9-150E7963083F}.Debug|Any CPU.ActiveCfg = Debug|Any CPU
		{EBFAA07B-9BFD-48CD-89E9-150E7963083F}.Debug|Any CPU.Build.0 = Debug|Any CPU
		{EBFAA07B-9BFD-48CD-89E9-150E7963083F}.Release|Any CPU.ActiveCfg = Release|Any CPU
		{EBFAA07B-9BFD-48CD-89E9-150E7963083F}.Release|Any CPU.Build.0 = Release|Any CPU
		{43F20D08-BD9B-4F54-AA93-61722FA23C3A}.Debug|Any CPU.ActiveCfg = Debug|Any CPU
		{43F20D08-BD9B-4F54-AA93-61722FA23C3A}.Debug|Any CPU.Build.0 = Debug|Any CPU
		{43F20D08-BD9B-4F54-AA93-61722FA23C3A}.Release|Any CPU.ActiveCfg = Release|Any CPU
		{43F20D08-BD9B-4F54-AA93-61722FA23C3A}.Release|Any CPU.Build.0 = Release|Any CPU
	EndGlobalSection
	GlobalSection(SolutionProperties) = preSolution
		HideSolutionNode = FALSE
	EndGlobalSection
	GlobalSection(ExtensibilityGlobals) = postSolution
		SolutionGuid = {2A83C910-DBEC-4B00-8FE3-BEE39C163EF9}
	EndGlobalSection
EndGlobal
